<?xml version="1.0" encoding="utf-8"?>
<Project ToolsVersion="4.0" xmlns="http://schemas.microsoft.com/developer/msbuild/2003">
  <ItemGroup>
    <CudaCompile Include="cuda_single_nn.cu">
      <Filter>cuda</Filter>
    </CudaCompile>
  </ItemGroup>
  <ItemGroup>
    <ClCompile Include="main.cpp" />
    <ClCompile Include="neural_network.cpp">
      <Filter>cpp_files</Filter>
    </ClCompile>
    <ClCompile Include="training_data.cpp">
      <Filter>cpp_files</Filter>
    </ClCompile>
    <ClCompile Include="nn_state.cpp">
      <Filter>cpp_files</Filter>
    </ClCompile>
    <ClCompile Include="util.cpp">
      <Filter>cpp_files</Filter>
    </ClCompile>
  </ItemGroup>
  <ItemGroup>
    <Filter Include="header">
      <UniqueIdentifier>{0804e8b2-dd1d-4c3f-87a1-8b3a6171769f}</UniqueIdentifier>
    </Filter>
    <Filter Include="cpp_files">
      <UniqueIdentifier>{03e28230-87ec-4e4a-a0c6-a7c2cbe3c356}</UniqueIdentifier>
    </Filter>
    <Filter Include="cuda">
      <UniqueIdentifier>{ba00910d-56bf-4724-89ea-a8ecc5c79b63}</UniqueIdentifier>
    </Filter>
  </ItemGroup>
  <ItemGroup>
    <ClInclude Include="neural_network.hpp">
      <Filter>header</Filter>
    </ClInclude>
    <ClInclude Include="training_data.hpp">
      <Filter>header</Filter>
    </ClInclude>
    <ClInclude Include="cuda_single_nn.hpp">
      <Filter>cuda</Filter>
    </ClInclude>
    <ClInclude Include="nn_state.hpp">
      <Filter>header</Filter>
    </ClInclude>
    <ClInclude Include="util.hpp">
      <Filter>header</Filter>
    </ClInclude>
  </ItemGroup>
</Project>